<Solution>
  <Folder Name="/src/">
    <Project Path="src/KanbanFlow.API/KanbanFlow.API.csproj" />
    <Project Path="src/KanbanFlow.Application/KanbanFlow.Application.csproj" />
    <Project Path="src/KanbanFlow.Domain/KanbanFlow.Domain.csproj" />
    <Project Path="src/KanbanFlow.Infrastructure/KanbanFlow.Infrastructure.csproj" />
  </Folder>
</Solution>
